
Microsoft Visual Studio Solution File, Format Version 12.00
# Visual Studio Version 16
VisualStudioVersion = 16.0.30907.101
MinimumVisualStudioVersion = 10.0.40219.1
Project("{FAE04EC0-301F-11D3-BF4B-00C04F79EFBC}") = "CrudBike", "CrudBike\CrudBike.csproj", "{7FC6A701-D71C-4990-B7D0-C3639FBAB31F}"
EndProject
Global
	GlobalSection(SolutionConfigurationPlatforms) = preSolution
		Debug|Any CPU = Debug|Any CPU
		Release|Any CPU = Release|Any CPU
	EndGlobalSection
	GlobalSection(ProjectConfigurationPlatforms) = postSolution
		{7FC6A701-D71C-4990-B7D0-C3639FBAB31F}.Debug|Any CPU.ActiveCfg = Debug|Any CPU
		{7FC6A701-D71C-4990-B7D0-C3639FBAB31F}.Debug|Any CPU.Build.0 = Debug|Any CPU
		{7FC6A701-D71C-4990-B7D0-C3639FBAB31F}.Release|Any CPU.ActiveCfg = Release|Any CPU
		{7FC6A701-D71C-4990-B7D0-C3639FBAB31F}.Release|Any CPU.Build.0 = Release|Any CPU
	EndGlobalSection
	GlobalSection(SolutionProperties) = preSolution
		HideSolutionNode = FALSE
	EndGlobalSection
	GlobalSection(ExtensibilityGlobals) = postSolution
		SolutionGuid = {00DB68B1-FF18-4ED5-89B3-1F7A6528C865}
	EndGlobalSection
EndGlobal
